{
  "requires": true,
  "lockfileVersion": 1,
  "dependencies": {
    "baguettebox.js": {
      "version": "1.11.0",
      "resolved": "https://registry.npmjs.org/baguettebox.js/-/baguettebox.js-1.11.0.tgz",
      "integrity": "sha512-4IEXDE2Yje3o8nOdGoonxOfpiveXfF6YV4ggV04ky/pMquH/cKM1Tv7LeD3QPH6RK72V6c+oRFFLnrMc4xO5Cg=="
    },
    "tarteaucitronjs": {
      "version": "1.3.1",
      "resolved": "https://registry.npmjs.org/tarteaucitronjs/-/tarteaucitronjs-1.3.1.tgz",
      "integrity": "sha512-kadE4gR+JDL1z4u+5vLfVEG0vgRGaCWX5WLgw2qLD+Yg4QuOzM6GdDG0NbalbT3HNQTr/R3tdKbyAW5oApZBlg=="
    },
    "typed.js": {
      "version": "2.0.11",
      "resolved": "https://registry.npmjs.org/typed.js/-/typed.js-2.0.11.tgz",
      "integrity": "sha512-1ZORHalEyLob34q738mqmwp0pT6syMigB1SZuTItqdhovWBKFIt7I5uVALXAGQZCg2MCtihCt6uqkoqPJK+9iQ=="
    }
  }
}
